bitbucket.org/creachadair/shell v0.0.4 h1:pQaJRbIWVEQKoNI7rGMRlLk1vu6RaPR6I5huNBoDEVw=
bitbucket.org/creachadair/shell v0.0.4/go.mod h1:ysdp8K5OqvK7lJI3ZNP0I7prXD4kWyDWxozmc04IFpE=
bitbucket.org/creachadair/stringset v0.0.3 h1:VmH2SQ+vEqTSgPHpiVZcGF/21spNbmJ86sSgkb8XMFU=
bitbucket.org/creachadair/stringset v0.0.3/go.mod h1:RieQmTKc3bD7Tg+9AnSl6lOoTpWD95zIxZFurx/cxM4=
github.com/kylelemons/godebug v0.0.0-20170820004349-d65d576e9348 h1:MtvEpTB6LX3vkb4ax0b5D2DHbNAUsen0Gx5wZoq3lV4=
github.com/kylelemons/godebug v0.0.0-20170820004349-d65d576e9348/go.mod h1:B69LEHPfb2qLo0BaaOLcbitczOKLWTsrBG9LczfCD4k=
golang.org/x/sync v0.0.0-20181221193216-37e7f081c4d4 h1:YUO/7uOKsKeq9UokNS62b8FYywz3ker1l1vDZRCRefw=
golang.org/x/sync v0.0.0-20181221193216-37e7f081c4d4/go.mod h1:RxMgew5VJxzue5/jJTE5uejpjVlOe/izrB70Jof72aM=
