github.com/creachadair/jrpc2 v1.1.2 h1:UOYMipEFYlwd5qmcvs9GZBurn3oXt1UDIX5JLjWWFzo=
github.com/creachadair/jrpc2 v1.1.2/go.mod h1:JcCe2Eny3lIvVwZLm92WXyU+tNUgTBWFCLMsfNkjEGk=
github.com/creachadair/mds v0.10.4 h1:pYO7hGbXdgXGgTvgsRb8wC9Y0zJan7BQcHb3vqnQNIw=
github.com/creachadair/mds v0.10.4/go.mod h1:4vrFYUzTXMJpMBU+OA292I6IUxKWCCfZkgXg+/kBZMo=
github.com/creachadair/wschannel v0.0.0-20231211041550-f82e9bbfc258 h1:ylCT9u85Nxnsv6nSeye9CTWRtrzUm/nuwUMoVgW/VCw=
github.com/creachadair/wschannel v0.0.0-20231211041550-f82e9bbfc258/go.mod h1:G2LDwAuE2B2YbCxMaxnB1qSC0Hzoy2Tf9eRel2qbRi8=
github.com/fortytw2/leaktest v1.3.0 h1:u8491cBMTQ8ft8aeV+adlcytMZylmA5nnwwkRZjI8vw=
github.com/fortytw2/leaktest v1.3.0/go.mod h1:jDsjWgpAGjm2CA7WthBh/CdZYEPF31XHquHwclZch5g=
github.com/google/go-cmp v0.6.0 h1:ofyhxvXcZhMsU5ulbFiLKl/XBFqE1GSq7atu8tAmTRI=
github.com/google/go-cmp v0.6.0/go.mod h1:17dUlkBOakJ0+DkrSSNjCkIjxS6bF9zb3elmeNGIjoY=
golang.org/x/sync v0.6.0 h1:5BMeUDZ7vkXGfEr1x9B4bRcTH4lpkTkpdh0T/J+qjbQ=
golang.org/x/sync v0.6.0/go.mod h1:Czt+wKu1gCyEFDUtn0jG5QVvpJ6rzVqr5aXyt9drQfk=
nhooyr.io/websocket v1.8.10 h1:mv4p+MnGrLDcPlBoWsvPP7XCzTYMXP9F9eIGoKbgx7Q=
nhooyr.io/websocket v1.8.10/go.mod h1:rN9OFWIUwuxg4fR5tELlYC04bXYowCP9GX47ivo2l+c=
